
Microsoft Visual Studio Solution File, Format Version 12.00
# Visual Studio Version 16
VisualStudioVersion = 16.0.31129.286
MinimumVisualStudioVersion = 10.0.40219.1
Project("{FAE04EC0-301F-11D3-BF4B-00C04F79EFBC}") = "WebApplication3", "WebApplication3\WebApplication3.csproj", "{623296A7-12A9-494D-9606-B4896C22FE6B}"
EndProject
Global
	GlobalSection(SolutionConfigurationPlatforms) = preSolution
		Debug|Any CPU = Debug|Any CPU
		Release|Any CPU = Release|Any CPU
	EndGlobalSection
	GlobalSection(ProjectConfigurationPlatforms) = postSolution
		{623296A7-12A9-494D-9606-B4896C22FE6B}.Debug|Any CPU.ActiveCfg = Debug|Any CPU
		{623296A7-12A9-494D-9606-B4896C22FE6B}.Debug|Any CPU.Build.0 = Debug|Any CPU
		{623296A7-12A9-494D-9606-B4896C22FE6B}.Release|Any CPU.ActiveCfg = Release|Any CPU
		{623296A7-12A9-494D-9606-B4896C22FE6B}.Release|Any CPU.Build.0 = Release|Any CPU
	EndGlobalSection
	GlobalSection(SolutionProperties) = preSolution
		HideSolutionNode = FALSE
	EndGlobalSection
	GlobalSection(ExtensibilityGlobals) = postSolution
		SolutionGuid = {6D3259D9-B2B3-49D5-9ACD-D28C509CB729}
	EndGlobalSection
EndGlobal
